
Microsoft Visual Studio Solution File, Format Version 12.00
# Visual Studio Version 17
VisualStudioVersion = 17.8.34330.188
MinimumVisualStudioVersion = 10.0.40219.1
Project("{9A19103F-16F7-4668-BE54-9A1E7A4F7556}") = "CleanArchi.Domain", "CleanArchi.Domain\CleanArchi.Domain.csproj", "{DD4656B6-61A1-4F1C-A390-4E4791BF8C33}"
EndProject
Project("{2150E333-8FDC-42A3-9474-1A3956D46DE8}") = "Ressources", "Ressources", "{7590207C-5E67-4434-8729-FC2830C6ADA0}"
	ProjectSection(SolutionItems) = preProject
		Ressources\Dépendance.png = Ressources\Dépendance.png
		Ressources\Layer.png = Ressources\Layer.png
	EndProjectSection
EndProject
Project("{9A19103F-16F7-4668-BE54-9A1E7A4F7556}") = "CleanArchi.Application", "CleanArchi.Application\CleanArchi.Application.csproj", "{50EFCBD5-AA26-43E9-8E86-791CCD4E397B}"
EndProject
Project("{9A19103F-16F7-4668-BE54-9A1E7A4F7556}") = "CleanArchi.Infrastructure", "CleanArchi.Infrastructure\CleanArchi.Infrastructure.csproj", "{E263B331-73D7-4FF6-B571-6A9A433AC8B7}"
EndProject
Project("{2150E333-8FDC-42A3-9474-1A3956D46DE8}") = "Solution Items", "Solution Items", "{F3362292-6D90-41BD-AD33-28D046BEFA18}"
	ProjectSection(SolutionItems) = preProject
		DependencyGraph.dgml = DependencyGraph.dgml
	EndProjectSection
EndProject
Project("{9A19103F-16F7-4668-BE54-9A1E7A4F7556}") = "CleanArchi.API", "CleanArchi.API\CleanArchi.API.csproj", "{93C9481A-5526-4B78-A8A6-26852B5CD8CD}"
EndProject
Project("{2150E333-8FDC-42A3-9474-1A3956D46DE8}") = "src", "src", "{48269CE4-2ED7-4758-B868-15055B42C3D4}"
EndProject
Project("{2150E333-8FDC-42A3-9474-1A3956D46DE8}") = "tests", "tests", "{301D4039-0C7E-4A6C-8A24-1497C64482CA}"
EndProject
Global
	GlobalSection(SolutionConfigurationPlatforms) = preSolution
		Debug|Any CPU = Debug|Any CPU
		Release|Any CPU = Release|Any CPU
	EndGlobalSection
	GlobalSection(ProjectConfigurationPlatforms) = postSolution
		{DD4656B6-61A1-4F1C-A390-4E4791BF8C33}.Debug|Any CPU.ActiveCfg = Debug|Any CPU
		{DD4656B6-61A1-4F1C-A390-4E4791BF8C33}.Debug|Any CPU.Build.0 = Debug|Any CPU
		{DD4656B6-61A1-4F1C-A390-4E4791BF8C33}.Release|Any CPU.ActiveCfg = Release|Any CPU
		{DD4656B6-61A1-4F1C-A390-4E4791BF8C33}.Release|Any CPU.Build.0 = Release|Any CPU
		{50EFCBD5-AA26-43E9-8E86-791CCD4E397B}.Debug|Any CPU.ActiveCfg = Debug|Any CPU
		{50EFCBD5-AA26-43E9-8E86-791CCD4E397B}.Debug|Any CPU.Build.0 = Debug|Any CPU
		{50EFCBD5-AA26-43E9-8E86-791CCD4E397B}.Release|Any CPU.ActiveCfg = Release|Any CPU
		{50EFCBD5-AA26-43E9-8E86-791CCD4E397B}.Release|Any CPU.Build.0 = Release|Any CPU
		{E263B331-73D7-4FF6-B571-6A9A433AC8B7}.Debug|Any CPU.ActiveCfg = Debug|Any CPU
		{E263B331-73D7-4FF6-B571-6A9A433AC8B7}.Debug|Any CPU.Build.0 = Debug|Any CPU
		{E263B331-73D7-4FF6-B571-6A9A433AC8B7}.Release|Any CPU.ActiveCfg = Release|Any CPU
		{E263B331-73D7-4FF6-B571-6A9A433AC8B7}.Release|Any CPU.Build.0 = Release|Any CPU
	EndGlobalSection
	GlobalSection(SolutionProperties) = preSolution
		HideSolutionNode = FALSE
	EndGlobalSection
	GlobalSection(NestedProjects) = preSolution
		{DD4656B6-61A1-4F1C-A390-4E4791BF8C33} = {48269CE4-2ED7-4758-B868-15055B42C3D4}
		{50EFCBD5-AA26-43E9-8E86-791CCD4E397B} = {48269CE4-2ED7-4758-B868-15055B42C3D4}
		{E263B331-73D7-4FF6-B571-6A9A433AC8B7} = {48269CE4-2ED7-4758-B868-15055B42C3D4}
	EndGlobalSection
	GlobalSection(ExtensibilityGlobals) = postSolution
		SolutionGuid = {8E3547C2-B684-4A96-90A7-A21894D1DF7F}
	EndGlobalSection
EndGlobal
